
Microsoft Visual Studio Solution File, Format Version 12.00
# Visual Studio Version 16
VisualStudioVersion = 16.0.29609.76
MinimumVisualStudioVersion = 10.0.40219.1
Project("{9A19103F-16F7-4668-BE54-9A1E7A4F7556}") = "MedShedule", "MedShedule\MedShedule.csproj", "{2CE95785-DD20-4CC9-89DF-1F6CC501F5A2}"
EndProject
Project("{9A19103F-16F7-4668-BE54-9A1E7A4F7556}") = "DAL", "DAL\DAL.csproj", "{02B5D5D7-2878-4184-BE0C-DBBD0D92A783}"
EndProject
Project("{FAE04EC0-301F-11D3-BF4B-00C04F79EFBC}") = "XUnitTestMedSchedule", "XUnitTestMedSchedule\XUnitTestMedSchedule.csproj", "{F3E00E89-9006-4ACD-ABED-936A77788C83}"
EndProject
Global
	GlobalSection(SolutionConfigurationPlatforms) = preSolution
		Debug|Any CPU = Debug|Any CPU
		Release|Any CPU = Release|Any CPU
	EndGlobalSection
	GlobalSection(ProjectConfigurationPlatforms) = postSolution
		{2CE95785-DD20-4CC9-89DF-1F6CC501F5A2}.Debug|Any CPU.ActiveCfg = Debug|Any CPU
		{2CE95785-DD20-4CC9-89DF-1F6CC501F5A2}.Debug|Any CPU.Build.0 = Debug|Any CPU
		{2CE95785-DD20-4CC9-89DF-1F6CC501F5A2}.Release|Any CPU.ActiveCfg = Release|Any CPU
		{2CE95785-DD20-4CC9-89DF-1F6CC501F5A2}.Release|Any CPU.Build.0 = Release|Any CPU
		{02B5D5D7-2878-4184-BE0C-DBBD0D92A783}.Debug|Any CPU.ActiveCfg = Debug|Any CPU
		{02B5D5D7-2878-4184-BE0C-DBBD0D92A783}.Debug|Any CPU.Build.0 = Debug|Any CPU
		{02B5D5D7-2878-4184-BE0C-DBBD0D92A783}.Release|Any CPU.ActiveCfg = Release|Any CPU
		{02B5D5D7-2878-4184-BE0C-DBBD0D92A783}.Release|Any CPU.Build.0 = Release|Any CPU
		{F3E00E89-9006-4ACD-ABED-936A77788C83}.Debug|Any CPU.ActiveCfg = Debug|Any CPU
		{F3E00E89-9006-4ACD-ABED-936A77788C83}.Debug|Any CPU.Build.0 = Debug|Any CPU
		{F3E00E89-9006-4ACD-ABED-936A77788C83}.Release|Any CPU.ActiveCfg = Release|Any CPU
		{F3E00E89-9006-4ACD-ABED-936A77788C83}.Release|Any CPU.Build.0 = Release|Any CPU
	EndGlobalSection
	GlobalSection(SolutionProperties) = preSolution
		HideSolutionNode = FALSE
	EndGlobalSection
	GlobalSection(ExtensibilityGlobals) = postSolution
		SolutionGuid = {798B1061-D5CB-4AF6-83A3-21D165772E6E}
	EndGlobalSection
EndGlobal
